PODS:
  - AFNetworking (3.0.4):
    - AFNetworking/NSURLSession (= 3.0.4)
    - AFNetworking/Reachability (= 3.0.4)
    - AFNetworking/Security (= 3.0.4)
    - AFNetworking/Serialization (= 3.0.4)
    - AFNetworking/UIKit (= 3.0.4)
  - AFNetworking/NSURLSession (3.0.4):
    - AFNetworking/Reachability
    - AFNetworking/Security
    - AFNetworking/Serialization
  - AFNetworking/Reachability (3.0.4)
  - AFNetworking/Security (3.0.4)
  - AFNetworking/Serialization (3.0.4)
  - AFNetworking/UIKit (3.0.4):
    - AFNetworking/NSURLSession
  - Kiwi (2.4.0)
  - M13ProgressSuite (1.2.7)
  - OHHTTPStubs (4.8.0):
    - OHHTTPStubs/Default (= 4.8.0)
  - OHHTTPStubs/Core (4.8.0)
  - OHHTTPStubs/Default (4.8.0):
    - OHHTTPStubs/Core
    - OHHTTPStubs/JSON
    - OHHTTPStubs/NSURLSession
    - OHHTTPStubs/OHPathHelpers
  - OHHTTPStubs/JSON (4.8.0):
    - OHHTTPStubs/Core
  - OHHTTPStubs/NSURLSession (4.8.0):
    - OHHTTPStubs/Core
  - OHHTTPStubs/OHPathHelpers (4.8.0)
  - WAMapping (0.0.6)

DEPENDENCIES:
  - AFNetworking
  - Kiwi
  - M13ProgressSuite
  - OHHTTPStubs
  - WAMapping (~> 0.0.4)

SPEC CHECKSUMS:
  AFNetworking: a0075feb321559dc78d9d85b55d11caa19eabb93
  Kiwi: f49c9d54b28917df5928fe44968a39ed198cb8a8
  M13ProgressSuite: 03d194af6359da440641ba758aed5a18b0386a86
  OHHTTPStubs: b393565822317305b87a1440d4c7aff131679f66
  WAMapping: d263a63a4e40383562df335d1612bfe270351302

COCOAPODS: 0.39.0
