PODS:
  - AFNetworking (3.0.4):
    - AFNetworking/NSURLSession (= 3.0.4)
    - AFNetworking/Reachability (= 3.0.4)
    - AFNetworking/Security (= 3.0.4)
    - AFNetworking/Serialization (= 3.0.4)
    - AFNetworking/UIKit (= 3.0.4)
  - AFNetworking/NSURLSession (3.0.4):
    - AFNetworking/Reachability
    - AFNetworking/Security
    - AFNetworking/Serialization
  - AFNetworking/Reachability (3.0.4)
  - AFNetworking/Security (3.0.4)
  - AFNetworking/Serialization (3.0.4)
  - AFNetworking/UIKit (3.0.4):
    - AFNetworking/NSURLSession
  - Kiwi (2.4.0)
  - OHHTTPStubs (4.7.1):
    - OHHTTPStubs/Default (= 4.7.1)
  - OHHTTPStubs/Core (4.7.1)
  - OHHTTPStubs/Default (4.7.1):
    - OHHTTPStubs/Core
    - OHHTTPStubs/JSON
    - OHHTTPStubs/NSURLSession
    - OHHTTPStubs/OHPathHelpers
  - OHHTTPStubs/JSON (4.7.1):
    - OHHTTPStubs/Core
  - OHHTTPStubs/NSURLSession (4.7.1):
    - OHHTTPStubs/Core
  - OHHTTPStubs/OHPathHelpers (4.7.1)
  - WAMapping (0.0.2)

DEPENDENCIES:
  - AFNetworking
  - Kiwi
  - OHHTTPStubs
  - WAMapping

SPEC CHECKSUMS:
  AFNetworking: a0075feb321559dc78d9d85b55d11caa19eabb93
  Kiwi: f49c9d54b28917df5928fe44968a39ed198cb8a8
  OHHTTPStubs: f7d1604d04d37d055460c0ef9af01bb249ded0fa
  WAMapping: a8aeed4c71dee3258c92aee09108bc0d43924169

COCOAPODS: 0.39.0
