// !$*UTF8*$!
{
	archiveVersion = 1;
	classes = {
	};
	objectVersion = 46;
	objects = {

/* Begin PBXBuildFile section */
		3B220D457102AEFF2B257BB1 /* libPods-WANetworkRoutingTests.a in Frameworks */ = {isa = PBXBuildFile; fileRef = DE48A9F7E1AFBF272F4C39EB /* libPods-WANetworkRoutingTests.a */; };
		A112863FA06BAC723883769B /* libPods.a in Frameworks */ = {isa = PBXBuildFile; fileRef = 8288A69B4A2CB10241A9C1C4 /* libPods.a */; };
		E00C832B1CAC7C72004F3F1C /* WABatchResponse.m in Sources */ = {isa = PBXBuildFile; fileRef = E00C832A1CAC7C72004F3F1C /* WABatchResponse.m */; };
		E00C832D1CAC8BDD004F3F1C /* WARoutingManagerRequestMappingBatchTests.m in Sources */ = {isa = PBXBuildFile; fileRef = E00C832C1CAC8BDD004F3F1C /* WARoutingManagerRequestMappingBatchTests.m */; };
		E01C1C971C7CB5CB00FFEF06 /* main.m in Sources */ = {isa = PBXBuildFile; fileRef = E01C1C961C7CB5CB00FFEF06 /* main.m */; };
		E01C1C9A1C7CB5CB00FFEF06 /* AppDelegate.m in Sources */ = {isa = PBXBuildFile; fileRef = E01C1C991C7CB5CB00FFEF06 /* AppDelegate.m */; };
		E01C1C9D1C7CB5CB00FFEF06 /* ViewController.m in Sources */ = {isa = PBXBuildFile; fileRef = E01C1C9C1C7CB5CB00FFEF06 /* ViewController.m */; };
		E01C1CA21C7CB5CB00FFEF06 /* Assets.xcassets in Resources */ = {isa = PBXBuildFile; fileRef = E01C1CA11C7CB5CB00FFEF06 /* Assets.xcassets */; };
		E01C1CA51C7CB5CB00FFEF06 /* LaunchScreen.storyboard in Resources */ = {isa = PBXBuildFile; fileRef = E01C1CA31C7CB5CB00FFEF06 /* LaunchScreen.storyboard */; };
		E01C1CC61C7CBBC800FFEF06 /* WAAFNetworkingRequestManager.m in Sources */ = {isa = PBXBuildFile; fileRef = E01C1CC51C7CBBC800FFEF06 /* WAAFNetworkingRequestManager.m */; };
		E01C1CCB1C7CC00300FFEF06 /* WAObjectRequest.m in Sources */ = {isa = PBXBuildFile; fileRef = E01C1CCA1C7CC00300FFEF06 /* WAObjectRequest.m */; };
		E01C1CCF1C7CC02600FFEF06 /* WAObjectResponse.m in Sources */ = {isa = PBXBuildFile; fileRef = E01C1CCE1C7CC02600FFEF06 /* WAObjectResponse.m */; };
		E01C1CD21C7CC78000FFEF06 /* WAURLResponse.m in Sources */ = {isa = PBXBuildFile; fileRef = E01C1CD11C7CC78000FFEF06 /* WAURLResponse.m */; };
		E01C1CD61C7CD6A700FFEF06 /* WANetworkRouter.m in Sources */ = {isa = PBXBuildFile; fileRef = E01C1CD51C7CD6A700FFEF06 /* WANetworkRouter.m */; };
		E01C1CD91C7CD6B100FFEF06 /* WANetworkRoute.m in Sources */ = {isa = PBXBuildFile; fileRef = E01C1CD81C7CD6B100FFEF06 /* WANetworkRoute.m */; };
		E01C1CDC1C7CD6BD00FFEF06 /* WANetworkRoutePattern.m in Sources */ = {isa = PBXBuildFile; fileRef = E01C1CDB1C7CD6BD00FFEF06 /* WANetworkRoutePattern.m */; };
		E01C1CE01C7CDA2200FFEF06 /* WAResponseDescriptor.m in Sources */ = {isa = PBXBuildFile; fileRef = E01C1CDF1C7CDA2200FFEF06 /* WAResponseDescriptor.m */; };
		E01C1CE31C7CDA3000FFEF06 /* WARequestDescriptor.m in Sources */ = {isa = PBXBuildFile; fileRef = E01C1CE21C7CDA3000FFEF06 /* WARequestDescriptor.m */; };
		E01C1CE61C7CDB3400FFEF06 /* WAMappingManager.m in Sources */ = {isa = PBXBuildFile; fileRef = E01C1CE51C7CDB3400FFEF06 /* WAMappingManager.m */; };
		E01C1CF51C7CE7C500FFEF06 /* Employee.m in Sources */ = {isa = PBXBuildFile; fileRef = E01C1CE81C7CE7C500FFEF06 /* Employee.m */; };
		E01C1CF61C7CE7C500FFEF06 /* EmployeeCD.m in Sources */ = {isa = PBXBuildFile; fileRef = E01C1CEA1C7CE7C500FFEF06 /* EmployeeCD.m */; };
		E01C1CF71C7CE7C500FFEF06 /* EmployeeCD+CoreDataProperties.m in Sources */ = {isa = PBXBuildFile; fileRef = E01C1CEC1C7CE7C500FFEF06 /* EmployeeCD+CoreDataProperties.m */; };
		E01C1CF81C7CE7C500FFEF06 /* Enterprise.m in Sources */ = {isa = PBXBuildFile; fileRef = E01C1CEE1C7CE7C500FFEF06 /* Enterprise.m */; };
		E01C1CF91C7CE7C500FFEF06 /* EnterpriseCD.m in Sources */ = {isa = PBXBuildFile; fileRef = E01C1CF01C7CE7C500FFEF06 /* EnterpriseCD.m */; };
		E01C1CFA1C7CE7C500FFEF06 /* EnterpriseCD+CoreDataProperties.m in Sources */ = {isa = PBXBuildFile; fileRef = E01C1CF21C7CE7C500FFEF06 /* EnterpriseCD+CoreDataProperties.m */; };
		E01C1CFB1C7CE7C500FFEF06 /* Model.xcdatamodeld in Sources */ = {isa = PBXBuildFile; fileRef = E01C1CF31C7CE7C500FFEF06 /* Model.xcdatamodeld */; };
		E01C1CFF1C7CE81B00FFEF06 /* WARouteTests.m in Sources */ = {isa = PBXBuildFile; fileRef = E01C1CFE1C7CE81B00FFEF06 /* WARouteTests.m */; };
		E01C1D021C7CE87600FFEF06 /* WANetworkRoutingManager.m in Sources */ = {isa = PBXBuildFile; fileRef = E01C1D011C7CE87600FFEF06 /* WANetworkRoutingManager.m */; };
		E01C1D041C7CED7D00FFEF06 /* WARouteEqualityTests.m in Sources */ = {isa = PBXBuildFile; fileRef = E01C1D031C7CED7D00FFEF06 /* WARouteEqualityTests.m */; };
		E01C1D061C7CEE5300FFEF06 /* WARouteURLTests.m in Sources */ = {isa = PBXBuildFile; fileRef = E01C1D051C7CEE5300FFEF06 /* WARouteURLTests.m */; };
		E01C1D081C7CEEEE00FFEF06 /* WAObjectRequestTests.m in Sources */ = {isa = PBXBuildFile; fileRef = E01C1D071C7CEEEE00FFEF06 /* WAObjectRequestTests.m */; };
		E01C1D0A1C7CF06C00FFEF06 /* WAResponseDescriptorTests.m in Sources */ = {isa = PBXBuildFile; fileRef = E01C1D091C7CF06C00FFEF06 /* WAResponseDescriptorTests.m */; };
		E03BAC311C9D95EB00006C89 /* Post.m in Sources */ = {isa = PBXBuildFile; fileRef = E03BAC301C9D95EB00006C89 /* Post.m */; };
		E04C8E241C9DEA8100D51D2C /* WANetworkRoutingManager.m in Sources */ = {isa = PBXBuildFile; fileRef = E01C1D011C7CE87600FFEF06 /* WANetworkRoutingManager.m */; };
		E04C8E271C9EF4CC00D51D2C /* CommentsTableViewController.m in Sources */ = {isa = PBXBuildFile; fileRef = E04C8E261C9EF4CC00D51D2C /* CommentsTableViewController.m */; };
		E04C8E2A1C9EF4D400D51D2C /* Comment.m in Sources */ = {isa = PBXBuildFile; fileRef = E04C8E291C9EF4D400D51D2C /* Comment.m */; };
		E04C8E2D1CA0798000D51D2C /* WAProgress.m in Sources */ = {isa = PBXBuildFile; fileRef = E04C8E2C1CA0798000D51D2C /* WAProgress.m */; };
		E063DD951CAACB5800E55764 /* WABatchSession.m in Sources */ = {isa = PBXBuildFile; fileRef = E063DD941CAACB5800E55764 /* WABatchSession.m */; };
		E063DD981CAACD0600E55764 /* WABatchManager.m in Sources */ = {isa = PBXBuildFile; fileRef = E063DD971CAACD0600E55764 /* WABatchManager.m */; };
		E063DD9B1CAACF0A00E55764 /* WABatchCache.m in Sources */ = {isa = PBXBuildFile; fileRef = E063DD9A1CAACF0A00E55764 /* WABatchCache.m */; };
		E063DD9E1CAACF1400E55764 /* WABatchObject.m in Sources */ = {isa = PBXBuildFile; fileRef = E063DD9D1CAACF1400E55764 /* WABatchObject.m */; };
		E063DDA11CAAD47A00E55764 /* WABatchCacheTests.m in Sources */ = {isa = PBXBuildFile; fileRef = E063DDA01CAAD47A00E55764 /* WABatchCacheTests.m */; };
		E063DDA31CAADDB000E55764 /* WABatchManagerTests.m in Sources */ = {isa = PBXBuildFile; fileRef = E063DDA21CAADDB000E55764 /* WABatchManagerTests.m */; };
		E09D02F31C7D17E800938629 /* WANRBasicError.m in Sources */ = {isa = PBXBuildFile; fileRef = E09D02F21C7D17E800938629 /* WANRBasicError.m */; };
		E09D02F51C7D1AFB00938629 /* WARoutingManagerRequestOnlyTests.m in Sources */ = {isa = PBXBuildFile; fileRef = E09D02F41C7D1AFB00938629 /* WARoutingManagerRequestOnlyTests.m */; };
		E09D02F71C7D1C4E00938629 /* EnterprisesList.json in Resources */ = {isa = PBXBuildFile; fileRef = E09D02F61C7D1C4E00938629 /* EnterprisesList.json */; };
		E09D02F91C7D1CD300938629 /* Wasappli.json in Resources */ = {isa = PBXBuildFile; fileRef = E09D02F81C7D1CD300938629 /* Wasappli.json */; };
		E09D02FB1C7D24AD00938629 /* WARoutingManagerRequestMappingTests.m in Sources */ = {isa = PBXBuildFile; fileRef = E09D02FA1C7D24AD00938629 /* WARoutingManagerRequestMappingTests.m */; };
		E09D02FE1C7D421100938629 /* WARoutingManagerRequestMappingRouterTests.m in Sources */ = {isa = PBXBuildFile; fileRef = E09D02FD1C7D421100938629 /* WARoutingManagerRequestMappingRouterTests.m */; };
		E0F343211CAC30CA00055D0F /* WARoutingManagerRequestBatchTests.m in Sources */ = {isa = PBXBuildFile; fileRef = E0F343201CAC30CA00055D0F /* WARoutingManagerRequestBatchTests.m */; };
/* End PBXBuildFile section */

/* Begin PBXContainerItemProxy section */
		E01C1CAC1C7CB5CB00FFEF06 /* PBXContainerItemProxy */ = {
			isa = PBXContainerItemProxy;
			containerPortal = E01C1C8A1C7CB5CB00FFEF06 /* Project object */;
			proxyType = 1;
			remoteGlobalIDString = E01C1C911C7CB5CB00FFEF06;
			remoteInfo = WANetworkRouting;
		};
/* End PBXContainerItemProxy section */

/* Begin PBXFileReference section */
		6E0A281D802DC4DF8EBB6391 /* Pods-WANetworkRoutingTests.debug.xcconfig */ = {isa = PBXFileReference; includeInIndex = 1; lastKnownFileType = text.xcconfig; name = "Pods-WANetworkRoutingTests.debug.xcconfig"; path = "Pods/Target Support Files/Pods-WANetworkRoutingTests/Pods-WANetworkRoutingTests.debug.xcconfig"; sourceTree = "<group>"; };
		70E6F3FE1A9A8BE187FC72D4 /* Pods-WANetworkRoutingTests.release.xcconfig */ = {isa = PBXFileReference; includeInIndex = 1; lastKnownFileType = text.xcconfig; name = "Pods-WANetworkRoutingTests.release.xcconfig"; path = "Pods/Target Support Files/Pods-WANetworkRoutingTests/Pods-WANetworkRoutingTests.release.xcconfig"; sourceTree = "<group>"; };
		8288A69B4A2CB10241A9C1C4 /* libPods.a */ = {isa = PBXFileReference; explicitFileType = archive.ar; includeInIndex = 0; path = libPods.a; sourceTree = BUILT_PRODUCTS_DIR; };
		DE48A9F7E1AFBF272F4C39EB /* libPods-WANetworkRoutingTests.a */ = {isa = PBXFileReference; explicitFileType = archive.ar; includeInIndex = 0; path = "libPods-WANetworkRoutingTests.a"; sourceTree = BUILT_PRODUCTS_DIR; };
		E00C83291CAC7C72004F3F1C /* WABatchResponse.h */ = {isa = PBXFileReference; fileEncoding = 4; lastKnownFileType = sourcecode.c.h; path = WABatchResponse.h; sourceTree = "<group>"; };
		E00C832A1CAC7C72004F3F1C /* WABatchResponse.m */ = {isa = PBXFileReference; fileEncoding = 4; lastKnownFileType = sourcecode.c.objc; path = WABatchResponse.m; sourceTree = "<group>"; };
		E00C832C1CAC8BDD004F3F1C /* WARoutingManagerRequestMappingBatchTests.m */ = {isa = PBXFileReference; fileEncoding = 4; lastKnownFileType = sourcecode.c.objc; path = WARoutingManagerRequestMappingBatchTests.m; sourceTree = "<group>"; };
		E01C1C921C7CB5CB00FFEF06 /* WANetworkRouting.app */ = {isa = PBXFileReference; explicitFileType = wrapper.application; includeInIndex = 0; path = WANetworkRouting.app; sourceTree = BUILT_PRODUCTS_DIR; };
		E01C1C961C7CB5CB00FFEF06 /* main.m */ = {isa = PBXFileReference; lastKnownFileType = sourcecode.c.objc; path = main.m; sourceTree = "<group>"; };
		E01C1C981C7CB5CB00FFEF06 /* AppDelegate.h */ = {isa = PBXFileReference; lastKnownFileType = sourcecode.c.h; path = AppDelegate.h; sourceTree = "<group>"; };
		E01C1C991C7CB5CB00FFEF06 /* AppDelegate.m */ = {isa = PBXFileReference; lastKnownFileType = sourcecode.c.objc; path = AppDelegate.m; sourceTree = "<group>"; };
		E01C1C9B1C7CB5CB00FFEF06 /* ViewController.h */ = {isa = PBXFileReference; lastKnownFileType = sourcecode.c.h; path = ViewController.h; sourceTree = "<group>"; };
		E01C1C9C1C7CB5CB00FFEF06 /* ViewController.m */ = {isa = PBXFileReference; lastKnownFileType = sourcecode.c.objc; path = ViewController.m; sourceTree = "<group>"; };
		E01C1CA11C7CB5CB00FFEF06 /* Assets.xcassets */ = {isa = PBXFileReference; lastKnownFileType = folder.assetcatalog; path = Assets.xcassets; sourceTree = "<group>"; };
		E01C1CA41C7CB5CB00FFEF06 /* Base */ = {isa = PBXFileReference; lastKnownFileType = file.storyboard; name = Base; path = Base.lproj/LaunchScreen.storyboard; sourceTree = "<group>"; };
		E01C1CA61C7CB5CB00FFEF06 /* Info.plist */ = {isa = PBXFileReference; lastKnownFileType = text.plist.xml; path = Info.plist; sourceTree = "<group>"; };
		E01C1CAB1C7CB5CB00FFEF06 /* WANetworkRoutingTests.xctest */ = {isa = PBXFileReference; explicitFileType = wrapper.cfbundle; includeInIndex = 0; path = WANetworkRoutingTests.xctest; sourceTree = BUILT_PRODUCTS_DIR; };
		E01C1CB11C7CB5CB00FFEF06 /* Info.plist */ = {isa = PBXFileReference; lastKnownFileType = text.plist.xml; path = Info.plist; sourceTree = "<group>"; };
		E01C1CBB1C7CB6DF00FFEF06 /* WANetworkRouting.h */ = {isa = PBXFileReference; lastKnownFileType = sourcecode.c.h; path = WANetworkRouting.h; sourceTree = "<group>"; };
		E01C1CBE1C7CB78400FFEF06 /* WARequestAuthenticationManagerProtocol.h */ = {isa = PBXFileReference; fileEncoding = 4; lastKnownFileType = sourcecode.c.h; path = WARequestAuthenticationManagerProtocol.h; sourceTree = "<group>"; };
		E01C1CBF1C7CB86200FFEF06 /* WARequestManagerProtocol.h */ = {isa = PBXFileReference; fileEncoding = 4; lastKnownFileType = sourcecode.c.h; path = WARequestManagerProtocol.h; sourceTree = "<group>"; };
		E01C1CC01C7CB98700FFEF06 /* WAMappingManagerProtocol.h */ = {isa = PBXFileReference; fileEncoding = 4; lastKnownFileType = sourcecode.c.h; path = WAMappingManagerProtocol.h; sourceTree = "<group>"; };
		E01C1CC21C7CBA8D00FFEF06 /* WANetworkRoutingUtilities.h */ = {isa = PBXFileReference; lastKnownFileType = sourcecode.c.h; path = WANetworkRoutingUtilities.h; sourceTree = "<group>"; };
		E01C1CC41C7CBBC800FFEF06 /* WAAFNetworkingRequestManager.h */ = {isa = PBXFileReference; fileEncoding = 4; lastKnownFileType = sourcecode.c.h; path = WAAFNetworkingRequestManager.h; sourceTree = "<group>"; };
		E01C1CC51C7CBBC800FFEF06 /* WAAFNetworkingRequestManager.m */ = {isa = PBXFileReference; fileEncoding = 4; lastKnownFileType = sourcecode.c.objc; path = WAAFNetworkingRequestManager.m; sourceTree = "<group>"; };
		E01C1CC71C7CBC2800FFEF06 /* WANetworkRoutingMacros.h */ = {isa = PBXFileReference; lastKnownFileType = sourcecode.c.h; path = WANetworkRoutingMacros.h; sourceTree = "<group>"; };
		E01C1CC81C7CBF4000FFEF06 /* WANRErrorProtocol.h */ = {isa = PBXFileReference; fileEncoding = 4; lastKnownFileType = sourcecode.c.h; path = WANRErrorProtocol.h; sourceTree = "<group>"; };
		E01C1CC91C7CC00300FFEF06 /* WAObjectRequest.h */ = {isa = PBXFileReference; fileEncoding = 4; lastKnownFileType = sourcecode.c.h; path = WAObjectRequest.h; sourceTree = "<group>"; };
		E01C1CCA1C7CC00300FFEF06 /* WAObjectRequest.m */ = {isa = PBXFileReference; fileEncoding = 4; lastKnownFileType = sourcecode.c.objc; path = WAObjectRequest.m; sourceTree = "<group>"; };
		E01C1CCD1C7CC02600FFEF06 /* WAObjectResponse.h */ = {isa = PBXFileReference; fileEncoding = 4; lastKnownFileType = sourcecode.c.h; path = WAObjectResponse.h; sourceTree = "<group>"; };
		E01C1CCE1C7CC02600FFEF06 /* WAObjectResponse.m */ = {isa = PBXFileReference; fileEncoding = 4; lastKnownFileType = sourcecode.c.objc; path = WAObjectResponse.m; sourceTree = "<group>"; };
		E01C1CD01C7CC78000FFEF06 /* WAURLResponse.h */ = {isa = PBXFileReference; fileEncoding = 4; lastKnownFileType = sourcecode.c.h; path = WAURLResponse.h; sourceTree = "<group>"; };
		E01C1CD11C7CC78000FFEF06 /* WAURLResponse.m */ = {isa = PBXFileReference; fileEncoding = 4; lastKnownFileType = sourcecode.c.objc; path = WAURLResponse.m; sourceTree = "<group>"; };
		E01C1CD41C7CD6A700FFEF06 /* WANetworkRouter.h */ = {isa = PBXFileReference; fileEncoding = 4; lastKnownFileType = sourcecode.c.h; path = WANetworkRouter.h; sourceTree = "<group>"; };
		E01C1CD51C7CD6A700FFEF06 /* WANetworkRouter.m */ = {isa = PBXFileReference; fileEncoding = 4; lastKnownFileType = sourcecode.c.objc; path = WANetworkRouter.m; sourceTree = "<group>"; };
		E01C1CD71C7CD6B100FFEF06 /* WANetworkRoute.h */ = {isa = PBXFileReference; fileEncoding = 4; lastKnownFileType = sourcecode.c.h; path = WANetworkRoute.h; sourceTree = "<group>"; };
		E01C1CD81C7CD6B100FFEF06 /* WANetworkRoute.m */ = {isa = PBXFileReference; fileEncoding = 4; lastKnownFileType = sourcecode.c.objc; path = WANetworkRoute.m; sourceTree = "<group>"; };
		E01C1CDA1C7CD6BD00FFEF06 /* WANetworkRoutePattern.h */ = {isa = PBXFileReference; fileEncoding = 4; lastKnownFileType = sourcecode.c.h; path = WANetworkRoutePattern.h; sourceTree = "<group>"; };
		E01C1CDB1C7CD6BD00FFEF06 /* WANetworkRoutePattern.m */ = {isa = PBXFileReference; fileEncoding = 4; lastKnownFileType = sourcecode.c.objc; path = WANetworkRoutePattern.m; sourceTree = "<group>"; };
		E01C1CDE1C7CDA2200FFEF06 /* WAResponseDescriptor.h */ = {isa = PBXFileReference; fileEncoding = 4; lastKnownFileType = sourcecode.c.h; path = WAResponseDescriptor.h; sourceTree = "<group>"; };
		E01C1CDF1C7CDA2200FFEF06 /* WAResponseDescriptor.m */ = {isa = PBXFileReference; fileEncoding = 4; lastKnownFileType = sourcecode.c.objc; path = WAResponseDescriptor.m; sourceTree = "<group>"; };
		E01C1CE11C7CDA3000FFEF06 /* WARequestDescriptor.h */ = {isa = PBXFileReference; fileEncoding = 4; lastKnownFileType = sourcecode.c.h; path = WARequestDescriptor.h; sourceTree = "<group>"; };
		E01C1CE21C7CDA3000FFEF06 /* WARequestDescriptor.m */ = {isa = PBXFileReference; fileEncoding = 4; lastKnownFileType = sourcecode.c.objc; path = WARequestDescriptor.m; sourceTree = "<group>"; };
		E01C1CE41C7CDB3400FFEF06 /* WAMappingManager.h */ = {isa = PBXFileReference; fileEncoding = 4; lastKnownFileType = sourcecode.c.h; path = WAMappingManager.h; sourceTree = "<group>"; };
		E01C1CE51C7CDB3400FFEF06 /* WAMappingManager.m */ = {isa = PBXFileReference; fileEncoding = 4; lastKnownFileType = sourcecode.c.objc; path = WAMappingManager.m; sourceTree = "<group>"; };
		E01C1CE71C7CE7C500FFEF06 /* Employee.h */ = {isa = PBXFileReference; fileEncoding = 4; lastKnownFileType = sourcecode.c.h; path = Employee.h; sourceTree = "<group>"; };
		E01C1CE81C7CE7C500FFEF06 /* Employee.m */ = {isa = PBXFileReference; fileEncoding = 4; lastKnownFileType = sourcecode.c.objc; path = Employee.m; sourceTree = "<group>"; };
		E01C1CE91C7CE7C500FFEF06 /* EmployeeCD.h */ = {isa = PBXFileReference; fileEncoding = 4; lastKnownFileType = sourcecode.c.h; path = EmployeeCD.h; sourceTree = "<group>"; };
		E01C1CEA1C7CE7C500FFEF06 /* EmployeeCD.m */ = {isa = PBXFileReference; fileEncoding = 4; lastKnownFileType = sourcecode.c.objc; path = EmployeeCD.m; sourceTree = "<group>"; };
		E01C1CEB1C7CE7C500FFEF06 /* EmployeeCD+CoreDataProperties.h */ = {isa = PBXFileReference; fileEncoding = 4; lastKnownFileType = sourcecode.c.h; path = "EmployeeCD+CoreDataProperties.h"; sourceTree = "<group>"; };
		E01C1CEC1C7CE7C500FFEF06 /* EmployeeCD+CoreDataProperties.m */ = {isa = PBXFileReference; fileEncoding = 4; lastKnownFileType = sourcecode.c.objc; path = "EmployeeCD+CoreDataProperties.m"; sourceTree = "<group>"; };
		E01C1CED1C7CE7C500FFEF06 /* Enterprise.h */ = {isa = PBXFileReference; fileEncoding = 4; lastKnownFileType = sourcecode.c.h; path = Enterprise.h; sourceTree = "<group>"; };
		E01C1CEE1C7CE7C500FFEF06 /* Enterprise.m */ = {isa = PBXFileReference; fileEncoding = 4; lastKnownFileType = sourcecode.c.objc; path = Enterprise.m; sourceTree = "<group>"; };
		E01C1CEF1C7CE7C500FFEF06 /* EnterpriseCD.h */ = {isa = PBXFileReference; fileEncoding = 4; lastKnownFileType = sourcecode.c.h; path = EnterpriseCD.h; sourceTree = "<group>"; };
		E01C1CF01C7CE7C500FFEF06 /* EnterpriseCD.m */ = {isa = PBXFileReference; fileEncoding = 4; lastKnownFileType = sourcecode.c.objc; path = EnterpriseCD.m; sourceTree = "<group>"; };
		E01C1CF11C7CE7C500FFEF06 /* EnterpriseCD+CoreDataProperties.h */ = {isa = PBXFileReference; fileEncoding = 4; lastKnownFileType = sourcecode.c.h; path = "EnterpriseCD+CoreDataProperties.h"; sourceTree = "<group>"; };
		E01C1CF21C7CE7C500FFEF06 /* EnterpriseCD+CoreDataProperties.m */ = {isa = PBXFileReference; fileEncoding = 4; lastKnownFileType = sourcecode.c.objc; path = "EnterpriseCD+CoreDataProperties.m"; sourceTree = "<group>"; };
		E01C1CF41C7CE7C500FFEF06 /* Model.xcdatamodel */ = {isa = PBXFileReference; lastKnownFileType = wrapper.xcdatamodel; path = Model.xcdatamodel; sourceTree = "<group>"; };
		E01C1CFE1C7CE81B00FFEF06 /* WARouteTests.m */ = {isa = PBXFileReference; fileEncoding = 4; lastKnownFileType = sourcecode.c.objc; path = WARouteTests.m; sourceTree = "<group>"; };
		E01C1D001C7CE87600FFEF06 /* WANetworkRoutingManager.h */ = {isa = PBXFileReference; fileEncoding = 4; lastKnownFileType = sourcecode.c.h; path = WANetworkRoutingManager.h; sourceTree = "<group>"; };
		E01C1D011C7CE87600FFEF06 /* WANetworkRoutingManager.m */ = {isa = PBXFileReference; fileEncoding = 4; lastKnownFileType = sourcecode.c.objc; path = WANetworkRoutingManager.m; sourceTree = "<group>"; };
		E01C1D031C7CED7D00FFEF06 /* WARouteEqualityTests.m */ = {isa = PBXFileReference; fileEncoding = 4; lastKnownFileType = sourcecode.c.objc; path = WARouteEqualityTests.m; sourceTree = "<group>"; };
		E01C1D051C7CEE5300FFEF06 /* WARouteURLTests.m */ = {isa = PBXFileReference; fileEncoding = 4; lastKnownFileType = sourcecode.c.objc; path = WARouteURLTests.m; sourceTree = "<group>"; };
		E01C1D071C7CEEEE00FFEF06 /* WAObjectRequestTests.m */ = {isa = PBXFileReference; fileEncoding = 4; lastKnownFileType = sourcecode.c.objc; path = WAObjectRequestTests.m; sourceTree = "<group>"; };
		E01C1D091C7CF06C00FFEF06 /* WAResponseDescriptorTests.m */ = {isa = PBXFileReference; fileEncoding = 4; lastKnownFileType = sourcecode.c.objc; path = WAResponseDescriptorTests.m; sourceTree = "<group>"; };
		E03BAC2F1C9D95EB00006C89 /* Post.h */ = {isa = PBXFileReference; fileEncoding = 4; lastKnownFileType = sourcecode.c.h; path = Post.h; sourceTree = "<group>"; };
		E03BAC301C9D95EB00006C89 /* Post.m */ = {isa = PBXFileReference; fileEncoding = 4; lastKnownFileType = sourcecode.c.objc; path = Post.m; sourceTree = "<group>"; };
		E04C8E251C9EF4CC00D51D2C /* CommentsTableViewController.h */ = {isa = PBXFileReference; fileEncoding = 4; lastKnownFileType = sourcecode.c.h; path = CommentsTableViewController.h; sourceTree = "<group>"; };
		E04C8E261C9EF4CC00D51D2C /* CommentsTableViewController.m */ = {isa = PBXFileReference; fileEncoding = 4; lastKnownFileType = sourcecode.c.objc; path = CommentsTableViewController.m; sourceTree = "<group>"; };
		E04C8E281C9EF4D400D51D2C /* Comment.h */ = {isa = PBXFileReference; fileEncoding = 4; lastKnownFileType = sourcecode.c.h; path = Comment.h; sourceTree = "<group>"; };
		E04C8E291C9EF4D400D51D2C /* Comment.m */ = {isa = PBXFileReference; fileEncoding = 4; lastKnownFileType = sourcecode.c.objc; path = Comment.m; sourceTree = "<group>"; };
		E04C8E2B1CA0798000D51D2C /* WAProgress.h */ = {isa = PBXFileReference; fileEncoding = 4; lastKnownFileType = sourcecode.c.h; path = WAProgress.h; sourceTree = "<group>"; };
		E04C8E2C1CA0798000D51D2C /* WAProgress.m */ = {isa = PBXFileReference; fileEncoding = 4; lastKnownFileType = sourcecode.c.objc; path = WAProgress.m; sourceTree = "<group>"; };
		E063DD911CAAC96C00E55764 /* WABatchManagerProtocol.h */ = {isa = PBXFileReference; fileEncoding = 4; lastKnownFileType = sourcecode.c.h; path = WABatchManagerProtocol.h; sourceTree = "<group>"; };
		E063DD931CAACB5800E55764 /* WABatchSession.h */ = {isa = PBXFileReference; fileEncoding = 4; lastKnownFileType = sourcecode.c.h; path = WABatchSession.h; sourceTree = "<group>"; };
		E063DD941CAACB5800E55764 /* WABatchSession.m */ = {isa = PBXFileReference; fileEncoding = 4; lastKnownFileType = sourcecode.c.objc; path = WABatchSession.m; sourceTree = "<group>"; };
		E063DD961CAACD0600E55764 /* WABatchManager.h */ = {isa = PBXFileReference; fileEncoding = 4; lastKnownFileType = sourcecode.c.h; path = WABatchManager.h; sourceTree = "<group>"; };
		E063DD971CAACD0600E55764 /* WABatchManager.m */ = {isa = PBXFileReference; fileEncoding = 4; lastKnownFileType = sourcecode.c.objc; path = WABatchManager.m; sourceTree = "<group>"; };
		E063DD991CAACF0A00E55764 /* WABatchCache.h */ = {isa = PBXFileReference; fileEncoding = 4; lastKnownFileType = sourcecode.c.h; path = WABatchCache.h; sourceTree = "<group>"; };
		E063DD9A1CAACF0A00E55764 /* WABatchCache.m */ = {isa = PBXFileReference; fileEncoding = 4; lastKnownFileType = sourcecode.c.objc; path = WABatchCache.m; sourceTree = "<group>"; };
		E063DD9C1CAACF1400E55764 /* WABatchObject.h */ = {isa = PBXFileReference; fileEncoding = 4; lastKnownFileType = sourcecode.c.h; path = WABatchObject.h; sourceTree = "<group>"; };
		E063DD9D1CAACF1400E55764 /* WABatchObject.m */ = {isa = PBXFileReference; fileEncoding = 4; lastKnownFileType = sourcecode.c.objc; path = WABatchObject.m; sourceTree = "<group>"; };
		E063DDA01CAAD47A00E55764 /* WABatchCacheTests.m */ = {isa = PBXFileReference; fileEncoding = 4; lastKnownFileType = sourcecode.c.objc; path = WABatchCacheTests.m; sourceTree = "<group>"; };
		E063DDA21CAADDB000E55764 /* WABatchManagerTests.m */ = {isa = PBXFileReference; fileEncoding = 4; lastKnownFileType = sourcecode.c.objc; path = WABatchManagerTests.m; sourceTree = "<group>"; };
		E09D02F11C7D17E800938629 /* WANRBasicError.h */ = {isa = PBXFileReference; fileEncoding = 4; lastKnownFileType = sourcecode.c.h; path = WANRBasicError.h; sourceTree = "<group>"; };
		E09D02F21C7D17E800938629 /* WANRBasicError.m */ = {isa = PBXFileReference; fileEncoding = 4; lastKnownFileType = sourcecode.c.objc; path = WANRBasicError.m; sourceTree = "<group>"; };
		E09D02F41C7D1AFB00938629 /* WARoutingManagerRequestOnlyTests.m */ = {isa = PBXFileReference; fileEncoding = 4; lastKnownFileType = sourcecode.c.objc; path = WARoutingManagerRequestOnlyTests.m; sourceTree = "<group>"; };
		E09D02F61C7D1C4E00938629 /* EnterprisesList.json */ = {isa = PBXFileReference; fileEncoding = 4; lastKnownFileType = text.json; path = EnterprisesList.json; sourceTree = "<group>"; };
		E09D02F81C7D1CD300938629 /* Wasappli.json */ = {isa = PBXFileReference; fileEncoding = 4; lastKnownFileType = text.json; path = Wasappli.json; sourceTree = "<group>"; };
		E09D02FA1C7D24AD00938629 /* WARoutingManagerRequestMappingTests.m */ = {isa = PBXFileReference; fileEncoding = 4; lastKnownFileType = sourcecode.c.objc; path = WARoutingManagerRequestMappingTests.m; sourceTree = "<group>"; };
		E09D02FD1C7D421100938629 /* WARoutingManagerRequestMappingRouterTests.m */ = {isa = PBXFileReference; fileEncoding = 4; lastKnownFileType = sourcecode.c.objc; path = WARoutingManagerRequestMappingRouterTests.m; sourceTree = "<group>"; };
		E0F343201CAC30CA00055D0F /* WARoutingManagerRequestBatchTests.m */ = {isa = PBXFileReference; fileEncoding = 4; lastKnownFileType = sourcecode.c.objc; path = WARoutingManagerRequestBatchTests.m; sourceTree = "<group>"; };
		E82FFD9E7F3107C38B61B5AD /* Pods.debug.xcconfig */ = {isa = PBXFileReference; includeInIndex = 1; lastKnownFileType = text.xcconfig; name = Pods.debug.xcconfig; path = "Pods/Target Support Files/Pods/Pods.debug.xcconfig"; sourceTree = "<group>"; };
		E984CCFFE13D7E119A724EAD /* Pods.release.xcconfig */ = {isa = PBXFileReference; includeInIndex = 1; lastKnownFileType = text.xcconfig; name = Pods.release.xcconfig; path = "Pods/Target Support Files/Pods/Pods.release.xcconfig"; sourceTree = "<group>"; };
/* End PBXFileReference section */

/* Begin PBXFrameworksBuildPhase section */
		E01C1C8F1C7CB5CB00FFEF06 /* Frameworks */ = {
			isa = PBXFrameworksBuildPhase;
			buildActionMask = 2147483647;
			files = (
				A112863FA06BAC723883769B /* libPods.a in Frameworks */,
			);
			runOnlyForDeploymentPostprocessing = 0;
		};
		E01C1CA81C7CB5CB00FFEF06 /* Frameworks */ = {
			isa = PBXFrameworksBuildPhase;
			buildActionMask = 2147483647;
			files = (
				3B220D457102AEFF2B257BB1 /* libPods-WANetworkRoutingTests.a in Frameworks */,
			);
			runOnlyForDeploymentPostprocessing = 0;
		};
/* End PBXFrameworksBuildPhase section */

/* Begin PBXGroup section */
		A2BEDD3395E3FFC4AFBC7014 /* Frameworks */ = {
			isa = PBXGroup;
			children = (
				8288A69B4A2CB10241A9C1C4 /* libPods.a */,
				DE48A9F7E1AFBF272F4C39EB /* libPods-WANetworkRoutingTests.a */,
			);
			name = Frameworks;
			sourceTree = "<group>";
		};
		E01C1C891C7CB5CB00FFEF06 = {
			isa = PBXGroup;
			children = (
				E01C1CBA1C7CB69A00FFEF06 /* Files */,
				E01C1C941C7CB5CB00FFEF06 /* WANetworkRouting */,
				E01C1CAE1C7CB5CB00FFEF06 /* WANetworkRoutingTests */,
				E01C1C931C7CB5CB00FFEF06 /* Products */,
				F7366E4AE8E8F6086C16461A /* Pods */,
				A2BEDD3395E3FFC4AFBC7014 /* Frameworks */,
			);
			sourceTree = "<group>";
		};
		E01C1C931C7CB5CB00FFEF06 /* Products */ = {
			isa = PBXGroup;
			children = (
				E01C1C921C7CB5CB00FFEF06 /* WANetworkRouting.app */,
				E01C1CAB1C7CB5CB00FFEF06 /* WANetworkRoutingTests.xctest */,
			);
			name = Products;
			sourceTree = "<group>";
		};
		E01C1C941C7CB5CB00FFEF06 /* WANetworkRouting */ = {
			isa = PBXGroup;
			children = (
				E01C1C981C7CB5CB00FFEF06 /* AppDelegate.h */,
				E01C1C991C7CB5CB00FFEF06 /* AppDelegate.m */,
				E01C1C9B1C7CB5CB00FFEF06 /* ViewController.h */,
				E01C1C9C1C7CB5CB00FFEF06 /* ViewController.m */,
				E04C8E251C9EF4CC00D51D2C /* CommentsTableViewController.h */,
				E04C8E261C9EF4CC00D51D2C /* CommentsTableViewController.m */,
				E01C1CA11C7CB5CB00FFEF06 /* Assets.xcassets */,
				E01C1CA31C7CB5CB00FFEF06 /* LaunchScreen.storyboard */,
				E01C1CA61C7CB5CB00FFEF06 /* Info.plist */,
				E01C1C951C7CB5CB00FFEF06 /* Supporting Files */,
				E03BAC2F1C9D95EB00006C89 /* Post.h */,
				E03BAC301C9D95EB00006C89 /* Post.m */,
				E04C8E281C9EF4D400D51D2C /* Comment.h */,
				E04C8E291C9EF4D400D51D2C /* Comment.m */,
				E04C8E2B1CA0798000D51D2C /* WAProgress.h */,
				E04C8E2C1CA0798000D51D2C /* WAProgress.m */,
			);
			path = WANetworkRouting;
			sourceTree = "<group>";
		};
		E01C1C951C7CB5CB00FFEF06 /* Supporting Files */ = {
			isa = PBXGroup;
			children = (
				E01C1C961C7CB5CB00FFEF06 /* main.m */,
			);
			name = "Supporting Files";
			sourceTree = "<group>";
		};
		E01C1CAE1C7CB5CB00FFEF06 /* WANetworkRoutingTests */ = {
			isa = PBXGroup;
			children = (
				E01C1CFD1C7CE7EC00FFEF06 /* Specs */,
				E01C1CFC1C7CE7E600FFEF06 /* Model */,
				E01C1CB11C7CB5CB00FFEF06 /* Info.plist */,
				E09D02FC1C7D24B300938629 /* Fixtures */,
			);
			path = WANetworkRoutingTests;
			sourceTree = "<group>";
		};
		E01C1CBA1C7CB69A00FFEF06 /* Files */ = {
			isa = PBXGroup;
			children = (
				E01C1CBB1C7CB6DF00FFEF06 /* WANetworkRouting.h */,
				E01C1D001C7CE87600FFEF06 /* WANetworkRoutingManager.h */,
				E01C1D011C7CE87600FFEF06 /* WANetworkRoutingManager.m */,
				E01C1CC11C7CBA4800FFEF06 /* Headers */,
				E01C1CBC1C7CB6F200FFEF06 /* Protocols */,
				E01C1CC31C7CBBA900FFEF06 /* Requests */,
				E01C1CCC1C7CC00C00FFEF06 /* Response */,
				E01C1CD31C7CD68B00FFEF06 /* Router */,
				E01C1CDD1C7CDA0200FFEF06 /* Mapping */,
				E063DD921CAACB3F00E55764 /* Batch */,
			);
			path = Files;
			sourceTree = "<group>";
		};
		E01C1CBC1C7CB6F200FFEF06 /* Protocols */ = {
			isa = PBXGroup;
			children = (
				E01C1CBE1C7CB78400FFEF06 /* WARequestAuthenticationManagerProtocol.h */,
				E01C1CBF1C7CB86200FFEF06 /* WARequestManagerProtocol.h */,
				E01C1CC01C7CB98700FFEF06 /* WAMappingManagerProtocol.h */,
				E063DD911CAAC96C00E55764 /* WABatchManagerProtocol.h */,
				E01C1CC81C7CBF4000FFEF06 /* WANRErrorProtocol.h */,
			);
			name = Protocols;
			sourceTree = "<group>";
		};
		E01C1CC11C7CBA4800FFEF06 /* Headers */ = {
			isa = PBXGroup;
			children = (
				E01C1CC21C7CBA8D00FFEF06 /* WANetworkRoutingUtilities.h */,
				E01C1CC71C7CBC2800FFEF06 /* WANetworkRoutingMacros.h */,
			);
			name = Headers;
			sourceTree = "<group>";
		};
		E01C1CC31C7CBBA900FFEF06 /* Requests */ = {
			isa = PBXGroup;
			children = (
				E01C1CC41C7CBBC800FFEF06 /* WAAFNetworkingRequestManager.h */,
				E01C1CC51C7CBBC800FFEF06 /* WAAFNetworkingRequestManager.m */,
				E01C1CC91C7CC00300FFEF06 /* WAObjectRequest.h */,
				E01C1CCA1C7CC00300FFEF06 /* WAObjectRequest.m */,
				E09D02F11C7D17E800938629 /* WANRBasicError.h */,
				E09D02F21C7D17E800938629 /* WANRBasicError.m */,
			);
			name = Requests;
			sourceTree = "<group>";
		};
		E01C1CCC1C7CC00C00FFEF06 /* Response */ = {
			isa = PBXGroup;
			children = (
				E01C1CCD1C7CC02600FFEF06 /* WAObjectResponse.h */,
				E01C1CCE1C7CC02600FFEF06 /* WAObjectResponse.m */,
				E01C1CD01C7CC78000FFEF06 /* WAURLResponse.h */,
				E01C1CD11C7CC78000FFEF06 /* WAURLResponse.m */,
			);
			name = Response;
			sourceTree = "<group>";
		};
		E01C1CD31C7CD68B00FFEF06 /* Router */ = {
			isa = PBXGroup;
			children = (
				E01C1CD41C7CD6A700FFEF06 /* WANetworkRouter.h */,
				E01C1CD51C7CD6A700FFEF06 /* WANetworkRouter.m */,
				E01C1CD71C7CD6B100FFEF06 /* WANetworkRoute.h */,
				E01C1CD81C7CD6B100FFEF06 /* WANetworkRoute.m */,
				E01C1CDA1C7CD6BD00FFEF06 /* WANetworkRoutePattern.h */,
				E01C1CDB1C7CD6BD00FFEF06 /* WANetworkRoutePattern.m */,
			);
			name = Router;
			sourceTree = "<group>";
		};
		E01C1CDD1C7CDA0200FFEF06 /* Mapping */ = {
			isa = PBXGroup;
			children = (
				E01C1CDE1C7CDA2200FFEF06 /* WAResponseDescriptor.h */,
				E01C1CDF1C7CDA2200FFEF06 /* WAResponseDescriptor.m */,
				E01C1CE11C7CDA3000FFEF06 /* WARequestDescriptor.h */,
				E01C1CE21C7CDA3000FFEF06 /* WARequestDescriptor.m */,
				E01C1CE41C7CDB3400FFEF06 /* WAMappingManager.h */,
				E01C1CE51C7CDB3400FFEF06 /* WAMappingManager.m */,
			);
			name = Mapping;
			sourceTree = "<group>";
		};
		E01C1CFC1C7CE7E600FFEF06 /* Model */ = {
			isa = PBXGroup;
			children = (
				E01C1CE71C7CE7C500FFEF06 /* Employee.h */,
				E01C1CE81C7CE7C500FFEF06 /* Employee.m */,
				E01C1CE91C7CE7C500FFEF06 /* EmployeeCD.h */,
				E01C1CEA1C7CE7C500FFEF06 /* EmployeeCD.m */,
				E01C1CEB1C7CE7C500FFEF06 /* EmployeeCD+CoreDataProperties.h */,
				E01C1CEC1C7CE7C500FFEF06 /* EmployeeCD+CoreDataProperties.m */,
				E01C1CED1C7CE7C500FFEF06 /* Enterprise.h */,
				E01C1CEE1C7CE7C500FFEF06 /* Enterprise.m */,
				E01C1CEF1C7CE7C500FFEF06 /* EnterpriseCD.h */,
				E01C1CF01C7CE7C500FFEF06 /* EnterpriseCD.m */,
				E01C1CF11C7CE7C500FFEF06 /* EnterpriseCD+CoreDataProperties.h */,
				E01C1CF21C7CE7C500FFEF06 /* EnterpriseCD+CoreDataProperties.m */,
				E01C1CF31C7CE7C500FFEF06 /* Model.xcdatamodeld */,
			);
			name = Model;
			sourceTree = "<group>";
		};
		E01C1CFD1C7CE7EC00FFEF06 /* Specs */ = {
			isa = PBXGroup;
			children = (
				E01C1CFE1C7CE81B00FFEF06 /* WARouteTests.m */,
				E01C1D031C7CED7D00FFEF06 /* WARouteEqualityTests.m */,
				E01C1D051C7CEE5300FFEF06 /* WARouteURLTests.m */,
				E01C1D071C7CEEEE00FFEF06 /* WAObjectRequestTests.m */,
				E01C1D091C7CF06C00FFEF06 /* WAResponseDescriptorTests.m */,
				E09D02F41C7D1AFB00938629 /* WARoutingManagerRequestOnlyTests.m */,
				E09D02FA1C7D24AD00938629 /* WARoutingManagerRequestMappingTests.m */,
				E09D02FD1C7D421100938629 /* WARoutingManagerRequestMappingRouterTests.m */,
				E063DDA01CAAD47A00E55764 /* WABatchCacheTests.m */,
				E063DDA21CAADDB000E55764 /* WABatchManagerTests.m */,
				E0F343201CAC30CA00055D0F /* WARoutingManagerRequestBatchTests.m */,
				E00C832C1CAC8BDD004F3F1C /* WARoutingManagerRequestMappingBatchTests.m */,
			);
			name = Specs;
			sourceTree = "<group>";
		};
		E063DD921CAACB3F00E55764 /* Batch */ = {
			isa = PBXGroup;
			children = (
				E063DD961CAACD0600E55764 /* WABatchManager.h */,
				E063DD971CAACD0600E55764 /* WABatchManager.m */,
				E063DD931CAACB5800E55764 /* WABatchSession.h */,
				E063DD941CAACB5800E55764 /* WABatchSession.m */,
				E063DD991CAACF0A00E55764 /* WABatchCache.h */,
				E063DD9A1CAACF0A00E55764 /* WABatchCache.m */,
				E063DD9C1CAACF1400E55764 /* WABatchObject.h */,
				E063DD9D1CAACF1400E55764 /* WABatchObject.m */,
				E00C83291CAC7C72004F3F1C /* WABatchResponse.h */,
				E00C832A1CAC7C72004F3F1C /* WABatchResponse.m */,
			);
			name = Batch;
			sourceTree = "<group>";
		};
		E09D02FC1C7D24B300938629 /* Fixtures */ = {
			isa = PBXGroup;
			children = (
				E09D02F61C7D1C4E00938629 /* EnterprisesList.json */,
				E09D02F81C7D1CD300938629 /* Wasappli.json */,
			);
			name = Fixtures;
			sourceTree = "<group>";
		};
		F7366E4AE8E8F6086C16461A /* Pods */ = {
			isa = PBXGroup;
			children = (
				E82FFD9E7F3107C38B61B5AD /* Pods.debug.xcconfig */,
				E984CCFFE13D7E119A724EAD /* Pods.release.xcconfig */,
				6E0A281D802DC4DF8EBB6391 /* Pods-WANetworkRoutingTests.debug.xcconfig */,
				70E6F3FE1A9A8BE187FC72D4 /* Pods-WANetworkRoutingTests.release.xcconfig */,
			);
			name = Pods;
			sourceTree = "<group>";
		};
/* End PBXGroup section */

/* Begin PBXNativeTarget section */
		E01C1C911C7CB5CB00FFEF06 /* WANetworkRouting */ = {
			isa = PBXNativeTarget;
			buildConfigurationList = E01C1CB41C7CB5CB00FFEF06 /* Build configuration list for PBXNativeTarget "WANetworkRouting" */;
			buildPhases = (
				5A3F989B3B021C2E9238BE85 /* Check Pods Manifest.lock */,
				E01C1C8E1C7CB5CB00FFEF06 /* Sources */,
				E01C1C8F1C7CB5CB00FFEF06 /* Frameworks */,
				E01C1C901C7CB5CB00FFEF06 /* Resources */,
				82E32C8E3E98AB4257D5E1B0 /* Embed Pods Frameworks */,
				343F0137E2CA9C3FBDA57164 /* Copy Pods Resources */,
			);
			buildRules = (
			);
			dependencies = (
			);
			name = WANetworkRouting;
			productName = WANetworkRouting;
			productReference = E01C1C921C7CB5CB00FFEF06 /* WANetworkRouting.app */;
			productType = "com.apple.product-type.application";
		};
		E01C1CAA1C7CB5CB00FFEF06 /* WANetworkRoutingTests */ = {
			isa = PBXNativeTarget;
			buildConfigurationList = E01C1CB71C7CB5CB00FFEF06 /* Build configuration list for PBXNativeTarget "WANetworkRoutingTests" */;
			buildPhases = (
				D91B0DE415D14106B741ECDA /* Check Pods Manifest.lock */,
				E01C1CA71C7CB5CB00FFEF06 /* Sources */,
				E01C1CA81C7CB5CB00FFEF06 /* Frameworks */,
				E01C1CA91C7CB5CB00FFEF06 /* Resources */,
				6E0BF39C5F048D121CB7F0E5 /* Embed Pods Frameworks */,
				406D08F0240767CFFA93DCB1 /* Copy Pods Resources */,
			);
			buildRules = (
			);
			dependencies = (
				E01C1CAD1C7CB5CB00FFEF06 /* PBXTargetDependency */,
			);
			name = WANetworkRoutingTests;
			productName = WANetworkRoutingTests;
			productReference = E01C1CAB1C7CB5CB00FFEF06 /* WANetworkRoutingTests.xctest */;
			productType = "com.apple.product-type.bundle.unit-test";
		};
/* End PBXNativeTarget section */

/* Begin PBXProject section */
		E01C1C8A1C7CB5CB00FFEF06 /* Project object */ = {
			isa = PBXProject;
			attributes = {
				LastUpgradeCheck = 0720;
				ORGANIZATIONNAME = Wasappli;
				TargetAttributes = {
					E01C1C911C7CB5CB00FFEF06 = {
						CreatedOnToolsVersion = 7.2;
					};
					E01C1CAA1C7CB5CB00FFEF06 = {
						CreatedOnToolsVersion = 7.2;
						TestTargetID = E01C1C911C7CB5CB00FFEF06;
					};
				};
			};
			buildConfigurationList = E01C1C8D1C7CB5CB00FFEF06 /* Build configuration list for PBXProject "WANetworkRouting" */;
			compatibilityVersion = "Xcode 3.2";
			developmentRegion = English;
			hasScannedForEncodings = 0;
			knownRegions = (
				en,
				Base,
			);
			mainGroup = E01C1C891C7CB5CB00FFEF06;
			productRefGroup = E01C1C931C7CB5CB00FFEF06 /* Products */;
			projectDirPath = "";
			projectRoot = "";
			targets = (
				E01C1C911C7CB5CB00FFEF06 /* WANetworkRouting */,
				E01C1CAA1C7CB5CB00FFEF06 /* WANetworkRoutingTests */,
			);
		};
/* End PBXProject section */

/* Begin PBXResourcesBuildPhase section */
		E01C1C901C7CB5CB00FFEF06 /* Resources */ = {
			isa = PBXResourcesBuildPhase;
			buildActionMask = 2147483647;
			files = (
				E01C1CA51C7CB5CB00FFEF06 /* LaunchScreen.storyboard in Resources */,
				E01C1CA21C7CB5CB00FFEF06 /* Assets.xcassets in Resources */,
			);
			runOnlyForDeploymentPostprocessing = 0;
		};
		E01C1CA91C7CB5CB00FFEF06 /* Resources */ = {
			isa = PBXResourcesBuildPhase;
			buildActionMask = 2147483647;
			files = (
				E09D02F91C7D1CD300938629 /* Wasappli.json in Resources */,
				E09D02F71C7D1C4E00938629 /* EnterprisesList.json in Resources */,
			);
			runOnlyForDeploymentPostprocessing = 0;
		};
/* End PBXResourcesBuildPhase section */

/* Begin PBXShellScriptBuildPhase section */
		343F0137E2CA9C3FBDA57164 /* Copy Pods Resources */ = {
			isa = PBXShellScriptBuildPhase;
			buildActionMask = 2147483647;
			files = (
			);
			inputPaths = (
			);
			name = "Copy Pods Resources";
			outputPaths = (
			);
			runOnlyForDeploymentPostprocessing = 0;
			shellPath = /bin/sh;
			shellScript = "\"${SRCROOT}/Pods/Target Support Files/Pods/Pods-resources.sh\"\n";
			showEnvVarsInLog = 0;
		};
		406D08F0240767CFFA93DCB1 /* Copy Pods Resources */ = {
			isa = PBXShellScriptBuildPhase;
			buildActionMask = 2147483647;
			files = (
			);
			inputPaths = (
			);
			name = "Copy Pods Resources";
			outputPaths = (
			);
			runOnlyForDeploymentPostprocessing = 0;
			shellPath = /bin/sh;
			shellScript = "\"${SRCROOT}/Pods/Target Support Files/Pods-WANetworkRoutingTests/Pods-WANetworkRoutingTests-resources.sh\"\n";
			showEnvVarsInLog = 0;
		};
		5A3F989B3B021C2E9238BE85 /* Check Pods Manifest.lock */ = {
			isa = PBXShellScriptBuildPhase;
			buildActionMask = 2147483647;
			files = (
			);
			inputPaths = (
			);
			name = "Check Pods Manifest.lock";
			outputPaths = (
			);
			runOnlyForDeploymentPostprocessing = 0;
			shellPath = /bin/sh;
			shellScript = "diff \"${PODS_ROOT}/../Podfile.lock\" \"${PODS_ROOT}/Manifest.lock\" > /dev/null\nif [[ $? != 0 ]] ; then\n    cat << EOM\nerror: The sandbox is not in sync with the Podfile.lock. Run 'pod install' or update your CocoaPods installation.\nEOM\n    exit 1\nfi\n";
			showEnvVarsInLog = 0;
		};
		6E0BF39C5F048D121CB7F0E5 /* Embed Pods Frameworks */ = {
			isa = PBXShellScriptBuildPhase;
			buildActionMask = 2147483647;
			files = (
			);
			inputPaths = (
			);
			name = "Embed Pods Frameworks";
			outputPaths = (
			);
			runOnlyForDeploymentPostprocessing = 0;
			shellPath = /bin/sh;
			shellScript = "\"${SRCROOT}/Pods/Target Support Files/Pods-WANetworkRoutingTests/Pods-WANetworkRoutingTests-frameworks.sh\"\n";
			showEnvVarsInLog = 0;
		};
		82E32C8E3E98AB4257D5E1B0 /* Embed Pods Frameworks */ = {
			isa = PBXShellScriptBuildPhase;
			buildActionMask = 2147483647;
			files = (
			);
			inputPaths = (
			);
			name = "Embed Pods Frameworks";
			outputPaths = (
			);
			runOnlyForDeploymentPostprocessing = 0;
			shellPath = /bin/sh;
			shellScript = "\"${SRCROOT}/Pods/Target Support Files/Pods/Pods-frameworks.sh\"\n";
			showEnvVarsInLog = 0;
		};
		D91B0DE415D14106B741ECDA /* Check Pods Manifest.lock */ = {
			isa = PBXShellScriptBuildPhase;
			buildActionMask = 2147483647;
			files = (
			);
			inputPaths = (
			);
			name = "Check Pods Manifest.lock";
			outputPaths = (
			);
			runOnlyForDeploymentPostprocessing = 0;
			shellPath = /bin/sh;
			shellScript = "diff \"${PODS_ROOT}/../Podfile.lock\" \"${PODS_ROOT}/Manifest.lock\" > /dev/null\nif [[ $? != 0 ]] ; then\n    cat << EOM\nerror: The sandbox is not in sync with the Podfile.lock. Run 'pod install' or update your CocoaPods installation.\nEOM\n    exit 1\nfi\n";
			showEnvVarsInLog = 0;
		};
/* End PBXShellScriptBuildPhase section */

/* Begin PBXSourcesBuildPhase section */
		E01C1C8E1C7CB5CB00FFEF06 /* Sources */ = {
			isa = PBXSourcesBuildPhase;
			buildActionMask = 2147483647;
			files = (
				E01C1CE01C7CDA2200FFEF06 /* WAResponseDescriptor.m in Sources */,
				E01C1C9D1C7CB5CB00FFEF06 /* ViewController.m in Sources */,
				E01C1CD91C7CD6B100FFEF06 /* WANetworkRoute.m in Sources */,
				E01C1CCF1C7CC02600FFEF06 /* WAObjectResponse.m in Sources */,
				E01C1CE31C7CDA3000FFEF06 /* WARequestDescriptor.m in Sources */,
				E063DD951CAACB5800E55764 /* WABatchSession.m in Sources */,
				E01C1CDC1C7CD6BD00FFEF06 /* WANetworkRoutePattern.m in Sources */,
				E04C8E2D1CA0798000D51D2C /* WAProgress.m in Sources */,
				E063DD981CAACD0600E55764 /* WABatchManager.m in Sources */,
				E063DD9E1CAACF1400E55764 /* WABatchObject.m in Sources */,
				E01C1CC61C7CBBC800FFEF06 /* WAAFNetworkingRequestManager.m in Sources */,
				E04C8E2A1C9EF4D400D51D2C /* Comment.m in Sources */,
				E01C1CD21C7CC78000FFEF06 /* WAURLResponse.m in Sources */,
				E00C832B1CAC7C72004F3F1C /* WABatchResponse.m in Sources */,
				E04C8E271C9EF4CC00D51D2C /* CommentsTableViewController.m in Sources */,
				E01C1CE61C7CDB3400FFEF06 /* WAMappingManager.m in Sources */,
				E04C8E241C9DEA8100D51D2C /* WANetworkRoutingManager.m in Sources */,
				E01C1C9A1C7CB5CB00FFEF06 /* AppDelegate.m in Sources */,
				E03BAC311C9D95EB00006C89 /* Post.m in Sources */,
				E01C1C971C7CB5CB00FFEF06 /* main.m in Sources */,
				E01C1CCB1C7CC00300FFEF06 /* WAObjectRequest.m in Sources */,
				E01C1CD61C7CD6A700FFEF06 /* WANetworkRouter.m in Sources */,
				E09D02F31C7D17E800938629 /* WANRBasicError.m in Sources */,
				E063DD9B1CAACF0A00E55764 /* WABatchCache.m in Sources */,
			);
			runOnlyForDeploymentPostprocessing = 0;
		};
		E01C1CA71C7CB5CB00FFEF06 /* Sources */ = {
			isa = PBXSourcesBuildPhase;
			buildActionMask = 2147483647;
			files = (
				E01C1CFA1C7CE7C500FFEF06 /* EnterpriseCD+CoreDataProperties.m in Sources */,
				E01C1D061C7CEE5300FFEF06 /* WARouteURLTests.m in Sources */,
				E063DDA31CAADDB000E55764 /* WABatchManagerTests.m in Sources */,
				E01C1D021C7CE87600FFEF06 /* WANetworkRoutingManager.m in Sources */,
				E01C1CF71C7CE7C500FFEF06 /* EmployeeCD+CoreDataProperties.m in Sources */,
				E0F343211CAC30CA00055D0F /* WARoutingManagerRequestBatchTests.m in Sources */,
				E01C1D0A1C7CF06C00FFEF06 /* WAResponseDescriptorTests.m in Sources */,
				E01C1CF61C7CE7C500FFEF06 /* EmployeeCD.m in Sources */,
				E01C1CFF1C7CE81B00FFEF06 /* WARouteTests.m in Sources */,
				E01C1D041C7CED7D00FFEF06 /* WARouteEqualityTests.m in Sources */,
				E09D02F51C7D1AFB00938629 /* WARoutingManagerRequestOnlyTests.m in Sources */,
				E01C1CFB1C7CE7C500FFEF06 /* Model.xcdatamodeld in Sources */,
				E09D02FE1C7D421100938629 /* WARoutingManagerRequestMappingRouterTests.m in Sources */,
				E01C1D081C7CEEEE00FFEF06 /* WAObjectRequestTests.m in Sources */,
				E00C832D1CAC8BDD004F3F1C /* WARoutingManagerRequestMappingBatchTests.m in Sources */,
				E063DDA11CAAD47A00E55764 /* WABatchCacheTests.m in Sources */,
				E01C1CF81C7CE7C500FFEF06 /* Enterprise.m in Sources */,
				E01C1CF91C7CE7C500FFEF06 /* EnterpriseCD.m in Sources */,
				E01C1CF51C7CE7C500FFEF06 /* Employee.m in Sources */,
				E09D02FB1C7D24AD00938629 /* WARoutingManagerRequestMappingTests.m in Sources */,
			);
			runOnlyForDeploymentPostprocessing = 0;
		};
/* End PBXSourcesBuildPhase section */

/* Begin PBXTargetDependency section */
		E01C1CAD1C7CB5CB00FFEF06 /* PBXTargetDependency */ = {
			isa = PBXTargetDependency;
			target = E01C1C911C7CB5CB00FFEF06 /* WANetworkRouting */;
			targetProxy = E01C1CAC1C7CB5CB00FFEF06 /* PBXContainerItemProxy */;
		};
/* End PBXTargetDependency section */

/* Begin PBXVariantGroup section */
		E01C1CA31C7CB5CB00FFEF06 /* LaunchScreen.storyboard */ = {
			isa = PBXVariantGroup;
			children = (
				E01C1CA41C7CB5CB00FFEF06 /* Base */,
			);
			name = LaunchScreen.storyboard;
			sourceTree = "<group>";
		};
/* End PBXVariantGroup section */

/* Begin XCBuildConfiguration section */
		E01C1CB21C7CB5CB00FFEF06 /* Debug */ = {
			isa = XCBuildConfiguration;
			buildSettings = {
				ALWAYS_SEARCH_USER_PATHS = NO;
				CLANG_CXX_LANGUAGE_STANDARD = "gnu++0x";
				CLANG_CXX_LIBRARY = "libc++";
				CLANG_ENABLE_MODULES = YES;
				CLANG_ENABLE_OBJC_ARC = YES;
				CLANG_WARN_BOOL_CONVERSION = YES;
				CLANG_WARN_CONSTANT_CONVERSION = YES;
				CLANG_WARN_DIRECT_OBJC_ISA_USAGE = YES_ERROR;
				CLANG_WARN_EMPTY_BODY = YES;
				CLANG_WARN_ENUM_CONVERSION = YES;
				CLANG_WARN_INT_CONVERSION = YES;
				CLANG_WARN_OBJC_ROOT_CLASS = YES_ERROR;
				CLANG_WARN_UNREACHABLE_CODE = YES;
				CLANG_WARN__DUPLICATE_METHOD_MATCH = YES;
				"CODE_SIGN_IDENTITY[sdk=iphoneos*]" = "iPhone Developer";
				COPY_PHASE_STRIP = NO;
				DEBUG_INFORMATION_FORMAT = dwarf;
				ENABLE_STRICT_OBJC_MSGSEND = YES;
				ENABLE_TESTABILITY = YES;
				GCC_C_LANGUAGE_STANDARD = gnu99;
				GCC_DYNAMIC_NO_PIC = NO;
				GCC_NO_COMMON_BLOCKS = YES;
				GCC_OPTIMIZATION_LEVEL = 0;
				GCC_PREPROCESSOR_DEFINITIONS = (
					"DEBUG=1",
					"$(inherited)",
				);
				GCC_WARN_64_TO_32_BIT_CONVERSION = YES;
				GCC_WARN_ABOUT_RETURN_TYPE = YES_ERROR;
				GCC_WARN_UNDECLARED_SELECTOR = YES;
				GCC_WARN_UNINITIALIZED_AUTOS = YES_AGGRESSIVE;
				GCC_WARN_UNUSED_FUNCTION = YES;
				GCC_WARN_UNUSED_VARIABLE = YES;
				IPHONEOS_DEPLOYMENT_TARGET = 9.2;
				MTL_ENABLE_DEBUG_INFO = YES;
				ONLY_ACTIVE_ARCH = YES;
				SDKROOT = iphoneos;
				TARGETED_DEVICE_FAMILY = "1,2";
			};
			name = Debug;
		};
		E01C1CB31C7CB5CB00FFEF06 /* Release */ = {
			isa = XCBuildConfiguration;
			buildSettings = {
				ALWAYS_SEARCH_USER_PATHS = NO;
				CLANG_CXX_LANGUAGE_STANDARD = "gnu++0x";
				CLANG_CXX_LIBRARY = "libc++";
				CLANG_ENABLE_MODULES = YES;
				CLANG_ENABLE_OBJC_ARC = YES;
				CLANG_WARN_BOOL_CONVERSION = YES;
				CLANG_WARN_CONSTANT_CONVERSION = YES;
				CLANG_WARN_DIRECT_OBJC_ISA_USAGE = YES_ERROR;
				CLANG_WARN_EMPTY_BODY = YES;
				CLANG_WARN_ENUM_CONVERSION = YES;
				CLANG_WARN_INT_CONVERSION = YES;
				CLANG_WARN_OBJC_ROOT_CLASS = YES_ERROR;
				CLANG_WARN_UNREACHABLE_CODE = YES;
				CLANG_WARN__DUPLICATE_METHOD_MATCH = YES;
				"CODE_SIGN_IDENTITY[sdk=iphoneos*]" = "iPhone Developer";
				COPY_PHASE_STRIP = NO;
				DEBUG_INFORMATION_FORMAT = "dwarf-with-dsym";
				ENABLE_NS_ASSERTIONS = NO;
				ENABLE_STRICT_OBJC_MSGSEND = YES;
				GCC_C_LANGUAGE_STANDARD = gnu99;
				GCC_NO_COMMON_BLOCKS = YES;
				GCC_WARN_64_TO_32_BIT_CONVERSION = YES;
				GCC_WARN_ABOUT_RETURN_TYPE = YES_ERROR;
				GCC_WARN_UNDECLARED_SELECTOR = YES;
				GCC_WARN_UNINITIALIZED_AUTOS = YES_AGGRESSIVE;
				GCC_WARN_UNUSED_FUNCTION = YES;
				GCC_WARN_UNUSED_VARIABLE = YES;
				IPHONEOS_DEPLOYMENT_TARGET = 9.2;
				MTL_ENABLE_DEBUG_INFO = NO;
				SDKROOT = iphoneos;
				TARGETED_DEVICE_FAMILY = "1,2";
				VALIDATE_PRODUCT = YES;
			};
			name = Release;
		};
		E01C1CB51C7CB5CB00FFEF06 /* Debug */ = {
			isa = XCBuildConfiguration;
			baseConfigurationReference = E82FFD9E7F3107C38B61B5AD /* Pods.debug.xcconfig */;
			buildSettings = {
				ASSETCATALOG_COMPILER_APPICON_NAME = AppIcon;
				INFOPLIST_FILE = WANetworkRouting/Info.plist;
				LD_RUNPATH_SEARCH_PATHS = "$(inherited) @executable_path/Frameworks";
				PRODUCT_BUNDLE_IDENTIFIER = li.wasapp.WANetworkRouting;
				PRODUCT_NAME = "$(TARGET_NAME)";
			};
			name = Debug;
		};
		E01C1CB61C7CB5CB00FFEF06 /* Release */ = {
			isa = XCBuildConfiguration;
			baseConfigurationReference = E984CCFFE13D7E119A724EAD /* Pods.release.xcconfig */;
			buildSettings = {
				ASSETCATALOG_COMPILER_APPICON_NAME = AppIcon;
				INFOPLIST_FILE = WANetworkRouting/Info.plist;
				LD_RUNPATH_SEARCH_PATHS = "$(inherited) @executable_path/Frameworks";
				PRODUCT_BUNDLE_IDENTIFIER = li.wasapp.WANetworkRouting;
				PRODUCT_NAME = "$(TARGET_NAME)";
			};
			name = Release;
		};
		E01C1CB81C7CB5CB00FFEF06 /* Debug */ = {
			isa = XCBuildConfiguration;
			baseConfigurationReference = 6E0A281D802DC4DF8EBB6391 /* Pods-WANetworkRoutingTests.debug.xcconfig */;
			buildSettings = {
				BUNDLE_LOADER = "$(TEST_HOST)";
				INFOPLIST_FILE = WANetworkRoutingTests/Info.plist;
				LD_RUNPATH_SEARCH_PATHS = "$(inherited) @executable_path/Frameworks @loader_path/Frameworks";
				PRODUCT_BUNDLE_IDENTIFIER = li.wasapp.WANetworkRoutingTests;
				PRODUCT_NAME = "$(TARGET_NAME)";
				TEST_HOST = "$(BUILT_PRODUCTS_DIR)/WANetworkRouting.app/WANetworkRouting";
			};
			name = Debug;
		};
		E01C1CB91C7CB5CB00FFEF06 /* Release */ = {
			isa = XCBuildConfiguration;
			baseConfigurationReference = 70E6F3FE1A9A8BE187FC72D4 /* Pods-WANetworkRoutingTests.release.xcconfig */;
			buildSettings = {
				BUNDLE_LOADER = "$(TEST_HOST)";
				INFOPLIST_FILE = WANetworkRoutingTests/Info.plist;
				LD_RUNPATH_SEARCH_PATHS = "$(inherited) @executable_path/Frameworks @loader_path/Frameworks";
				PRODUCT_BUNDLE_IDENTIFIER = li.wasapp.WANetworkRoutingTests;
				PRODUCT_NAME = "$(TARGET_NAME)";
				TEST_HOST = "$(BUILT_PRODUCTS_DIR)/WANetworkRouting.app/WANetworkRouting";
			};
			name = Release;
		};
/* End XCBuildConfiguration section */

/* Begin XCConfigurationList section */
		E01C1C8D1C7CB5CB00FFEF06 /* Build configuration list for PBXProject "WANetworkRouting" */ = {
			isa = XCConfigurationList;
			buildConfigurations = (
				E01C1CB21C7CB5CB00FFEF06 /* Debug */,
				E01C1CB31C7CB5CB00FFEF06 /* Release */,
			);
			defaultConfigurationIsVisible = 0;
			defaultConfigurationName = Release;
		};
		E01C1CB41C7CB5CB00FFEF06 /* Build configuration list for PBXNativeTarget "WANetworkRouting" */ = {
			isa = XCConfigurationList;
			buildConfigurations = (
				E01C1CB51C7CB5CB00FFEF06 /* Debug */,
				E01C1CB61C7CB5CB00FFEF06 /* Release */,
			);
			defaultConfigurationIsVisible = 0;
			defaultConfigurationName = Release;
		};
		E01C1CB71C7CB5CB00FFEF06 /* Build configuration list for PBXNativeTarget "WANetworkRoutingTests" */ = {
			isa = XCConfigurationList;
			buildConfigurations = (
				E01C1CB81C7CB5CB00FFEF06 /* Debug */,
				E01C1CB91C7CB5CB00FFEF06 /* Release */,
			);
			defaultConfigurationIsVisible = 0;
			defaultConfigurationName = Release;
		};
/* End XCConfigurationList section */

/* Begin XCVersionGroup section */
		E01C1CF31C7CE7C500FFEF06 /* Model.xcdatamodeld */ = {
			isa = XCVersionGroup;
			children = (
				E01C1CF41C7CE7C500FFEF06 /* Model.xcdatamodel */,
			);
			currentVersion = E01C1CF41C7CE7C500FFEF06 /* Model.xcdatamodel */;
			path = Model.xcdatamodeld;
			sourceTree = "<group>";
			versionGroupType = wrapper.xcdatamodel;
		};
/* End XCVersionGroup section */
	};
	rootObject = E01C1C8A1C7CB5CB00FFEF06 /* Project object */;
}
